// !$*UTF8*$!
{
	archiveVersion = 1;
	classes = {
	};
	objectVersion = 50;
	objects = {

/* Begin PBXBuildFile section */
		C1012EF320BC60AD00E0A800 /* DevedorTableViewController.swift in Sources */ = {isa = PBXBuildFile; fileRef = C1012EF220BC60AD00E0A800 /* DevedorTableViewController.swift */; };
		C1012EF520BC611A00E0A800 /* DevedorListDataProvider.swift in Sources */ = {isa = PBXBuildFile; fileRef = C1012EF420BC611A00E0A800 /* DevedorListDataProvider.swift */; };
		C1012EF720BC613000E0A800 /* DevedorListDataSource.swift in Sources */ = {isa = PBXBuildFile; fileRef = C1012EF620BC613000E0A800 /* DevedorListDataSource.swift */; };
		C1012EF920BC666200E0A800 /* AddNewDevedor.swift in Sources */ = {isa = PBXBuildFile; fileRef = C1012EF820BC666200E0A800 /* AddNewDevedor.swift */; };
		C113E0A420B71418008A1118 /* AppDelegate.swift in Sources */ = {isa = PBXBuildFile; fileRef = C113E0A320B71418008A1118 /* AppDelegate.swift */; };
		C113E0A920B71418008A1118 /* Main.storyboard in Resources */ = {isa = PBXBuildFile; fileRef = C113E0A720B71418008A1118 /* Main.storyboard */; };
		C113E0AB20B7141F008A1118 /* Assets.xcassets in Resources */ = {isa = PBXBuildFile; fileRef = C113E0AA20B7141F008A1118 /* Assets.xcassets */; };
		C113E0AE20B7141F008A1118 /* LaunchScreen.storyboard in Resources */ = {isa = PBXBuildFile; fileRef = C113E0AC20B7141F008A1118 /* LaunchScreen.storyboard */; };
		C113E0B620B71E50008A1118 /* TableViewController.swift in Sources */ = {isa = PBXBuildFile; fileRef = C113E0B520B71E50008A1118 /* TableViewController.swift */; };
		C113E0B820B71ECC008A1118 /* DevedorCell.swift in Sources */ = {isa = PBXBuildFile; fileRef = C113E0B720B71ECC008A1118 /* DevedorCell.swift */; };
		C113E0BA20B72454008A1118 /* CoreDataManager.swift in Sources */ = {isa = PBXBuildFile; fileRef = C113E0B920B72454008A1118 /* CoreDataManager.swift */; };
		C113E0BD20B72645008A1118 /* DevendoCocaDataModel.xcdatamodeld in Sources */ = {isa = PBXBuildFile; fileRef = C113E0BB20B72645008A1118 /* DevendoCocaDataModel.xcdatamodeld */; };
/* End PBXBuildFile section */

/* Begin PBXFileReference section */
		C1012EF220BC60AD00E0A800 /* DevedorTableViewController.swift */ = {isa = PBXFileReference; lastKnownFileType = sourcecode.swift; path = DevedorTableViewController.swift; sourceTree = "<group>"; };
		C1012EF420BC611A00E0A800 /* DevedorListDataProvider.swift */ = {isa = PBXFileReference; lastKnownFileType = sourcecode.swift; path = DevedorListDataProvider.swift; sourceTree = "<group>"; };
		C1012EF620BC613000E0A800 /* DevedorListDataSource.swift */ = {isa = PBXFileReference; lastKnownFileType = sourcecode.swift; path = DevedorListDataSource.swift; sourceTree = "<group>"; };
		C1012EF820BC666200E0A800 /* AddNewDevedor.swift */ = {isa = PBXFileReference; lastKnownFileType = sourcecode.swift; path = AddNewDevedor.swift; sourceTree = "<group>"; };
		C113E0A020B71418008A1118 /* DevendoCoca.app */ = {isa = PBXFileReference; explicitFileType = wrapper.application; includeInIndex = 0; path = DevendoCoca.app; sourceTree = BUILT_PRODUCTS_DIR; };
		C113E0A320B71418008A1118 /* AppDelegate.swift */ = {isa = PBXFileReference; lastKnownFileType = sourcecode.swift; path = AppDelegate.swift; sourceTree = "<group>"; };
		C113E0A820B71418008A1118 /* Base */ = {isa = PBXFileReference; lastKnownFileType = file.storyboard; name = Base; path = Base.lproj/Main.storyboard; sourceTree = "<group>"; };
		C113E0AA20B7141F008A1118 /* Assets.xcassets */ = {isa = PBXFileReference; lastKnownFileType = folder.assetcatalog; path = Assets.xcassets; sourceTree = "<group>"; };
		C113E0AD20B7141F008A1118 /* Base */ = {isa = PBXFileReference; lastKnownFileType = file.storyboard; name = Base; path = Base.lproj/LaunchScreen.storyboard; sourceTree = "<group>"; };
		C113E0AF20B7141F008A1118 /* Info.plist */ = {isa = PBXFileReference; lastKnownFileType = text.plist.xml; path = Info.plist; sourceTree = "<group>"; };
		C113E0B520B71E50008A1118 /* TableViewController.swift */ = {isa = PBXFileReference; lastKnownFileType = sourcecode.swift; path = TableViewController.swift; sourceTree = "<group>"; };
		C113E0B720B71ECC008A1118 /* DevedorCell.swift */ = {isa = PBXFileReference; lastKnownFileType = sourcecode.swift; path = DevedorCell.swift; sourceTree = "<group>"; };
		C113E0B920B72454008A1118 /* CoreDataManager.swift */ = {isa = PBXFileReference; fileEncoding = 4; lastKnownFileType = sourcecode.swift; path = CoreDataManager.swift; sourceTree = "<group>"; };
		C113E0BC20B72645008A1118 /* DevendoCocaDataModel.xcdatamodel */ = {isa = PBXFileReference; lastKnownFileType = wrapper.xcdatamodel; path = DevendoCocaDataModel.xcdatamodel; sourceTree = "<group>"; };
/* End PBXFileReference section */

/* Begin PBXFrameworksBuildPhase section */
		C113E09D20B71418008A1118 /* Frameworks */ = {
			isa = PBXFrameworksBuildPhase;
			buildActionMask = 2147483647;
			files = (
			);
			runOnlyForDeploymentPostprocessing = 0;
		};
/* End PBXFrameworksBuildPhase section */

/* Begin PBXGroup section */
		C113E09720B71418008A1118 = {
			isa = PBXGroup;
			children = (
				C113E0A220B71418008A1118 /* DevendoCoca */,
				C113E0A120B71418008A1118 /* Products */,
			);
			sourceTree = "<group>";
		};
		C113E0A120B71418008A1118 /* Products */ = {
			isa = PBXGroup;
			children = (
				C113E0A020B71418008A1118 /* DevendoCoca.app */,
			);
			name = Products;
			sourceTree = "<group>";
		};
		C113E0A220B71418008A1118 /* DevendoCoca */ = {
			isa = PBXGroup;
			children = (
				C113E0A320B71418008A1118 /* AppDelegate.swift */,
				C113E0B920B72454008A1118 /* CoreDataManager.swift */,
				C113E0B520B71E50008A1118 /* TableViewController.swift */,
				C113E0B720B71ECC008A1118 /* DevedorCell.swift */,
				C113E0A720B71418008A1118 /* Main.storyboard */,
				C1012EF220BC60AD00E0A800 /* DevedorTableViewController.swift */,
				C1012EF420BC611A00E0A800 /* DevedorListDataProvider.swift */,
				C1012EF620BC613000E0A800 /* DevedorListDataSource.swift */,
				C1012EF820BC666200E0A800 /* AddNewDevedor.swift */,
				C113E0AA20B7141F008A1118 /* Assets.xcassets */,
				C113E0AC20B7141F008A1118 /* LaunchScreen.storyboard */,
				C113E0AF20B7141F008A1118 /* Info.plist */,
				C113E0BB20B72645008A1118 /* DevendoCocaDataModel.xcdatamodeld */,
			);
			path = DevendoCoca;
			sourceTree = "<group>";
		};
/* End PBXGroup section */

/* Begin PBXNativeTarget section */
		C113E09F20B71418008A1118 /* DevendoCoca */ = {
			isa = PBXNativeTarget;
			buildConfigurationList = C113E0B220B7141F008A1118 /* Build configuration list for PBXNativeTarget "DevendoCoca" */;
			buildPhases = (
				C113E09C20B71418008A1118 /* Sources */,
				C113E09D20B71418008A1118 /* Frameworks */,
				C113E09E20B71418008A1118 /* Resources */,
			);
			buildRules = (
			);
			dependencies = (
			);
			name = DevendoCoca;
			productName = DevendoCoca;
			productReference = C113E0A020B71418008A1118 /* DevendoCoca.app */;
			productType = "com.apple.product-type.application";
		};
/* End PBXNativeTarget section */

/* Begin PBXProject section */
		C113E09820B71418008A1118 /* Project object */ = {
			isa = PBXProject;
			attributes = {
				LastSwiftUpdateCheck = 0930;
				LastUpgradeCheck = 0930;
				ORGANIZATIONNAME = "Felipe Treichel";
				TargetAttributes = {
					C113E09F20B71418008A1118 = {
						CreatedOnToolsVersion = 9.3;
					};
				};
			};
			buildConfigurationList = C113E09B20B71418008A1118 /* Build configuration list for PBXProject "DevendoCoca" */;
			compatibilityVersion = "Xcode 9.3";
			developmentRegion = en;
			hasScannedForEncodings = 0;
			knownRegions = (
				en,
				Base,
			);
			mainGroup = C113E09720B71418008A1118;
			productRefGroup = C113E0A120B71418008A1118 /* Products */;
			projectDirPath = "";
			projectRoot = "";
			targets = (
				C113E09F20B71418008A1118 /* DevendoCoca */,
			);
		};
/* End PBXProject section */

/* Begin PBXResourcesBuildPhase section */
		C113E09E20B71418008A1118 /* Resources */ = {
			isa = PBXResourcesBuildPhase;
			buildActionMask = 2147483647;
			files = (
				C113E0AE20B7141F008A1118 /* LaunchScreen.storyboard in Resources */,
				C113E0AB20B7141F008A1118 /* Assets.xcassets in Resources */,
				C113E0A920B71418008A1118 /* Main.storyboard in Resources */,
			);
			runOnlyForDeploymentPostprocessing = 0;
		};
/* End PBXResourcesBuildPhase section */

/* Begin PBXSourcesBuildPhase section */
		C113E09C20B71418008A1118 /* Sources */ = {
			isa = PBXSourcesBuildPhase;
			buildActionMask = 2147483647;
			files = (
				C1012EF320BC60AD00E0A800 /* DevedorTableViewController.swift in Sources */,
				C1012EF920BC666200E0A800 /* AddNewDevedor.swift in Sources */,
				C1012EF520BC611A00E0A800 /* DevedorListDataProvider.swift in Sources */,
				C113E0B820B71ECC008A1118 /* DevedorCell.swift in Sources */,
				C113E0BD20B72645008A1118 /* DevendoCocaDataModel.xcdatamodeld in Sources */,
				C113E0B620B71E50008A1118 /* TableViewController.swift in Sources */,
				C113E0BA20B72454008A1118 /* CoreDataManager.swift in Sources */,
				C1012EF720BC613000E0A800 /* DevedorListDataSource.swift in Sources */,
				C113E0A420B71418008A1118 /* AppDelegate.swift in Sources */,
			);
			runOnlyForDeploymentPostprocessing = 0;
		};
/* End PBXSourcesBuildPhase section */

/* Begin PBXVariantGroup section */
		C113E0A720B71418008A1118 /* Main.storyboard */ = {
			isa = PBXVariantGroup;
			children = (
				C113E0A820B71418008A1118 /* Base */,
			);
			name = Main.storyboard;
			sourceTree = "<group>";
		};
		C113E0AC20B7141F008A1118 /* LaunchScreen.storyboard */ = {
			isa = PBXVariantGroup;
			children = (
				C113E0AD20B7141F008A1118 /* Base */,
			);
			name = LaunchScreen.storyboard;
			sourceTree = "<group>";
		};
/* End PBXVariantGroup section */

/* Begin XCBuildConfiguration section */
		C113E0B020B7141F008A1118 /* Debug */ = {
			isa = XCBuildConfiguration;
			buildSettings = {
				ALWAYS_SEARCH_USER_PATHS = NO;
				CLANG_ANALYZER_NONNULL = YES;
				CLANG_ANALYZER_NUMBER_OBJECT_CONVERSION = YES_AGGRESSIVE;
				CLANG_CXX_LANGUAGE_STANDARD = "gnu++14";
				CLANG_CXX_LIBRARY = "libc++";
				CLANG_ENABLE_MODULES = YES;
				CLANG_ENABLE_OBJC_ARC = YES;
				CLANG_ENABLE_OBJC_WEAK = YES;
				CLANG_WARN_BLOCK_CAPTURE_AUTORELEASING = YES;
				CLANG_WARN_BOOL_CONVERSION = YES;
				CLANG_WARN_COMMA = YES;
				CLANG_WARN_CONSTANT_CONVERSION = YES;
				CLANG_WARN_DEPRECATED_OBJC_IMPLEMENTATIONS = YES;
				CLANG_WARN_DIRECT_OBJC_ISA_USAGE = YES_ERROR;
				CLANG_WARN_DOCUMENTATION_COMMENTS = YES;
				CLANG_WARN_EMPTY_BODY = YES;
				CLANG_WARN_ENUM_CONVERSION = YES;
				CLANG_WARN_INFINITE_RECURSION = YES;
				CLANG_WARN_INT_CONVERSION = YES;
				CLANG_WARN_NON_LITERAL_NULL_CONVERSION = YES;
				CLANG_WARN_OBJC_IMPLICIT_RETAIN_SELF = YES;
				CLANG_WARN_OBJC_LITERAL_CONVERSION = YES;
				CLANG_WARN_OBJC_ROOT_CLASS = YES_ERROR;
				CLANG_WARN_RANGE_LOOP_ANALYSIS = YES;
				CLANG_WARN_STRICT_PROTOTYPES = YES;
				CLANG_WARN_SUSPICIOUS_MOVE = YES;
				CLANG_WARN_UNGUARDED_AVAILABILITY = YES_AGGRESSIVE;
				CLANG_WARN_UNREACHABLE_CODE = YES;
				CLANG_WARN__DUPLICATE_METHOD_MATCH = YES;
				CODE_SIGN_IDENTITY = "iPhone Developer";
				COPY_PHASE_STRIP = NO;
				DEBUG_INFORMATION_FORMAT = dwarf;
				ENABLE_STRICT_OBJC_MSGSEND = YES;
				ENABLE_TESTABILITY = YES;
				GCC_C_LANGUAGE_STANDARD = gnu11;
				GCC_DYNAMIC_NO_PIC = NO;
				GCC_NO_COMMON_BLOCKS = YES;
				GCC_OPTIMIZATION_LEVEL = 0;
				GCC_PREPROCESSOR_DEFINITIONS = (
					"DEBUG=1",
					"$(inherited)",
				);
				GCC_WARN_64_TO_32_BIT_CONVERSION = YES;
				GCC_WARN_ABOUT_RETURN_TYPE = YES_ERROR;
				GCC_WARN_UNDECLARED_SELECTOR = YES;
				GCC_WARN_UNINITIALIZED_AUTOS = YES_AGGRESSIVE;
				GCC_WARN_UNUSED_FUNCTION = YES;
				GCC_WARN_UNUSED_VARIABLE = YES;
				IPHONEOS_DEPLOYMENT_TARGET = 11.3;
				MTL_ENABLE_DEBUG_INFO = YES;
				ONLY_ACTIVE_ARCH = YES;
				SDKROOT = iphoneos;
				SWIFT_ACTIVE_COMPILATION_CONDITIONS = DEBUG;
				SWIFT_OPTIMIZATION_LEVEL = "-Onone";
			};
			name = Debug;
		};
		C113E0B120B7141F008A1118 /* Release */ = {
			isa = XCBuildConfiguration;
			buildSettings = {
				ALWAYS_SEARCH_USER_PATHS = NO;
				CLANG_ANALYZER_NONNULL = YES;
				CLANG_ANALYZER_NUMBER_OBJECT_CONVERSION = YES_AGGRESSIVE;
				CLANG_CXX_LANGUAGE_STANDARD = "gnu++14";
				CLANG_CXX_LIBRARY = "libc++";
				CLANG_ENABLE_MODULES = YES;
				CLANG_ENABLE_OBJC_ARC = YES;
				CLANG_ENABLE_OBJC_WEAK = YES;
				CLANG_WARN_BLOCK_CAPTURE_AUTORELEASING = YES;
				CLANG_WARN_BOOL_CONVERSION = YES;
				CLANG_WARN_COMMA = YES;
				CLANG_WARN_CONSTANT_CONVERSION = YES;
				CLANG_WARN_DEPRECATED_OBJC_IMPLEMENTATIONS = YES;
				CLANG_WARN_DIRECT_OBJC_ISA_USAGE = YES_ERROR;
				CLANG_WARN_DOCUMENTATION_COMMENTS = YES;
				CLANG_WARN_EMPTY_BODY = YES;
				CLANG_WARN_ENUM_CONVERSION = YES;
				CLANG_WARN_INFINITE_RECURSION = YES;
				CLANG_WARN_INT_CONVERSION = YES;
				CLANG_WARN_NON_LITERAL_NULL_CONVERSION = YES;
				CLANG_WARN_OBJC_IMPLICIT_RETAIN_SELF = YES;
				CLANG_WARN_OBJC_LITERAL_CONVERSION = YES;
				CLANG_WARN_OBJC_ROOT_CLASS = YES_ERROR;
				CLANG_WARN_RANGE_LOOP_ANALYSIS = YES;
				CLANG_WARN_STRICT_PROTOTYPES = YES;
				CLANG_WARN_SUSPICIOUS_MOVE = YES;
				CLANG_WARN_UNGUARDED_AVAILABILITY = YES_AGGRESSIVE;
				CLANG_WARN_UNREACHABLE_CODE = YES;
				CLANG_WARN__DUPLICATE_METHOD_MATCH = YES;
				CODE_SIGN_IDENTITY = "iPhone Developer";
				COPY_PHASE_STRIP = NO;
				DEBUG_INFORMATION_FORMAT = "dwarf-with-dsym";
				ENABLE_NS_ASSERTIONS = NO;
				ENABLE_STRICT_OBJC_MSGSEND = YES;
				GCC_C_LANGUAGE_STANDARD = gnu11;
				GCC_NO_COMMON_BLOCKS = YES;
				GCC_WARN_64_TO_32_BIT_CONVERSION = YES;
				GCC_WARN_ABOUT_RETURN_TYPE = YES_ERROR;
				GCC_WARN_UNDECLARED_SELECTOR = YES;
				GCC_WARN_UNINITIALIZED_AUTOS = YES_AGGRESSIVE;
				GCC_WARN_UNUSED_FUNCTION = YES;
				GCC_WARN_UNUSED_VARIABLE = YES;
				IPHONEOS_DEPLOYMENT_TARGET = 11.3;
				MTL_ENABLE_DEBUG_INFO = NO;
				SDKROOT = iphoneos;
				SWIFT_COMPILATION_MODE = wholemodule;
				SWIFT_OPTIMIZATION_LEVEL = "-O";
				VALIDATE_PRODUCT = YES;
			};
			name = Release;
		};
		C113E0B320B7141F008A1118 /* Debug */ = {
			isa = XCBuildConfiguration;
			buildSettings = {
				ASSETCATALOG_COMPILER_APPICON_NAME = AppIcon;
				CODE_SIGN_STYLE = Automatic;
				DEVELOPMENT_TEAM = 9SUT8PZRGB;
				INFOPLIST_FILE = DevendoCoca/Info.plist;
				LD_RUNPATH_SEARCH_PATHS = (
					"$(inherited)",
					"@executable_path/Frameworks",
				);
				PRODUCT_BUNDLE_IDENTIFIER = br.com.ftreichel.DevendoCoca;
				PRODUCT_NAME = "$(TARGET_NAME)";
				SWIFT_VERSION = 4.0;
				TARGETED_DEVICE_FAMILY = "1,2";
			};
			name = Debug;
		};
		C113E0B420B7141F008A1118 /* Release */ = {
			isa = XCBuildConfiguration;
			buildSettings = {
				ASSETCATALOG_COMPILER_APPICON_NAME = AppIcon;
				CODE_SIGN_STYLE = Automatic;
				DEVELOPMENT_TEAM = 9SUT8PZRGB;
				INFOPLIST_FILE = DevendoCoca/Info.plist;
				LD_RUNPATH_SEARCH_PATHS = (
					"$(inherited)",
					"@executable_path/Frameworks",
				);
				PRODUCT_BUNDLE_IDENTIFIER = br.com.ftreichel.DevendoCoca;
				PRODUCT_NAME = "$(TARGET_NAME)";
				SWIFT_VERSION = 4.0;
				TARGETED_DEVICE_FAMILY = "1,2";
			};
			name = Release;
		};
/* End XCBuildConfiguration section */

/* Begin XCConfigurationList section */
		C113E09B20B71418008A1118 /* Build configuration list for PBXProject "DevendoCoca" */ = {
			isa = XCConfigurationList;
			buildConfigurations = (
				C113E0B020B7141F008A1118 /* Debug */,
				C113E0B120B7141F008A1118 /* Release */,
			);
			defaultConfigurationIsVisible = 0;
			defaultConfigurationName = Release;
		};
		C113E0B220B7141F008A1118 /* Build configuration list for PBXNativeTarget "DevendoCoca" */ = {
			isa = XCConfigurationList;
			buildConfigurations = (
				C113E0B320B7141F008A1118 /* Debug */,
				C113E0B420B7141F008A1118 /* Release */,
			);
			defaultConfigurationIsVisible = 0;
			defaultConfigurationName = Release;
		};
/* End XCConfigurationList section */

/* Begin XCVersionGroup section */
		C113E0BB20B72645008A1118 /* DevendoCocaDataModel.xcdatamodeld */ = {
			isa = XCVersionGroup;
			children = (
				C113E0BC20B72645008A1118 /* DevendoCocaDataModel.xcdatamodel */,
			);
			currentVersion = C113E0BC20B72645008A1118 /* DevendoCocaDataModel.xcdatamodel */;
			path = DevendoCocaDataModel.xcdatamodeld;
			sourceTree = "<group>";
			versionGroupType = wrapper.xcdatamodel;
		};
/* End XCVersionGroup section */
	};
	rootObject = C113E09820B71418008A1118 /* Project object */;
}
